
Microsoft Visual Studio Solution File, Format Version 12.00
# Visual Studio Version 17
VisualStudioVersion = 17.3.32901.215
MinimumVisualStudioVersion = 10.0.40219.1
Project("{FAE04EC0-301F-11D3-BF4B-00C04F79EFBC}") = "CalculatorAPI", "CalculatorAPI\CalculatorAPI.csproj", "{11F15942-6ADB-473D-AE6D-2DAA73E0E329}"
EndProject
Project("{FAE04EC0-301F-11D3-BF4B-00C04F79EFBC}") = "CalculatorApp", "CalculatorApp\CalculatorApp.csproj", "{DAE2A7B0-E6BA-4BCE-B061-503D4165B305}"
EndProject
Global
	GlobalSection(SolutionConfigurationPlatforms) = preSolution
		Debug|Any CPU = Debug|Any CPU
		Release|Any CPU = Release|Any CPU
	EndGlobalSection
	GlobalSection(ProjectConfigurationPlatforms) = postSolution
		{11F15942-6ADB-473D-AE6D-2DAA73E0E329}.Debug|Any CPU.ActiveCfg = Debug|Any CPU
		{11F15942-6ADB-473D-AE6D-2DAA73E0E329}.Debug|Any CPU.Build.0 = Debug|Any CPU
		{11F15942-6ADB-473D-AE6D-2DAA73E0E329}.Release|Any CPU.ActiveCfg = Release|Any CPU
		{11F15942-6ADB-473D-AE6D-2DAA73E0E329}.Release|Any CPU.Build.0 = Release|Any CPU
		{DAE2A7B0-E6BA-4BCE-B061-503D4165B305}.Debug|Any CPU.ActiveCfg = Debug|Any CPU
		{DAE2A7B0-E6BA-4BCE-B061-503D4165B305}.Debug|Any CPU.Build.0 = Debug|Any CPU
		{DAE2A7B0-E6BA-4BCE-B061-503D4165B305}.Release|Any CPU.ActiveCfg = Release|Any CPU
		{DAE2A7B0-E6BA-4BCE-B061-503D4165B305}.Release|Any CPU.Build.0 = Release|Any CPU
	EndGlobalSection
	GlobalSection(SolutionProperties) = preSolution
		HideSolutionNode = FALSE
	EndGlobalSection
	GlobalSection(ExtensibilityGlobals) = postSolution
		SolutionGuid = {4F6717CE-C03C-4A4B-B24A-C9408785DA7D}
	EndGlobalSection
EndGlobal
